
Microsoft Visual Studio Solution File, Format Version 12.00
# Visual Studio Version 16
VisualStudioVersion = 16.0.31112.23
MinimumVisualStudioVersion = 10.0.40219.1
Project("{8BC9CEB8-8B4A-11D0-8D11-00A0C91BC942}") = "KS_lab5", "KS_lab5\KS_lab5.vcxproj", "{065B753E-610E-42A5-B404-CD45BDAB04F2}"
EndProject
Global
	GlobalSection(SolutionConfigurationPlatforms) = preSolution
		Debug|x64 = Debug|x64
		Debug|x86 = Debug|x86
		Release|x64 = Release|x64
		Release|x86 = Release|x86
	EndGlobalSection
	GlobalSection(ProjectConfigurationPlatforms) = postSolution
		{065B753E-610E-42A5-B404-CD45BDAB04F2}.Debug|x64.ActiveCfg = Debug|x64
		{065B753E-610E-42A5-B404-CD45BDAB04F2}.Debug|x64.Build.0 = Debug|x64
		{065B753E-610E-42A5-B404-CD45BDAB04F2}.Debug|x86.ActiveCfg = Debug|Win32
		{065B753E-610E-42A5-B404-CD45BDAB04F2}.Debug|x86.Build.0 = Debug|Win32
		{065B753E-610E-42A5-B404-CD45BDAB04F2}.Release|x64.ActiveCfg = Release|x64
		{065B753E-610E-42A5-B404-CD45BDAB04F2}.Release|x64.Build.0 = Release|x64
		{065B753E-610E-42A5-B404-CD45BDAB04F2}.Release|x86.ActiveCfg = Release|Win32
		{065B753E-610E-42A5-B404-CD45BDAB04F2}.Release|x86.Build.0 = Release|Win32
	EndGlobalSection
	GlobalSection(SolutionProperties) = preSolution
		HideSolutionNode = FALSE
	EndGlobalSection
	GlobalSection(ExtensibilityGlobals) = postSolution
		SolutionGuid = {52DAF5C5-334A-4241-B8BF-36135BFC5ED8}
	EndGlobalSection
EndGlobal
